
Microsoft Visual Studio Solution File, Format Version 12.00
# Visual Studio Version 16
VisualStudioVersion = 16.0.30128.74
MinimumVisualStudioVersion = 10.0.40219.1
Project("{9A19103F-16F7-4668-BE54-9A1E7A4F7556}") = "mmedia", "mmedia.csproj", "{508A599A-210C-463E-B215-E2C63C065F82}"
EndProject
Global
	GlobalSection(SolutionConfigurationPlatforms) = preSolution
		Debug|Any CPU = Debug|Any CPU
		Release|Any CPU = Release|Any CPU
	EndGlobalSection
	GlobalSection(ProjectConfigurationPlatforms) = postSolution
		{508A599A-210C-463E-B215-E2C63C065F82}.Debug|Any CPU.ActiveCfg = Debug|Any CPU
		{508A599A-210C-463E-B215-E2C63C065F82}.Debug|Any CPU.Build.0 = Debug|Any CPU
		{508A599A-210C-463E-B215-E2C63C065F82}.Release|Any CPU.ActiveCfg = Release|Any CPU
		{508A599A-210C-463E-B215-E2C63C065F82}.Release|Any CPU.Build.0 = Release|Any CPU
	EndGlobalSection
	GlobalSection(SolutionProperties) = preSolution
		HideSolutionNode = FALSE
	EndGlobalSection
	GlobalSection(ExtensibilityGlobals) = postSolution
		SolutionGuid = {EDA000B2-CAE3-4D8B-9FC0-FA5BE16F32A6}
	EndGlobalSection
EndGlobal
